github.com/aquilax/go-perlin v1.0.0 h1:7KBttX3KwqipwhmIVE/B2cEZVYiOZpoE/q8HsS6HBoQ=
github.com/aquilax/go-perlin v1.0.0/go.mod h1:z9Rl7EM4BZY0Ikp2fEN1I5mKSOJ26HQpk0O2TBdN2HE=
github.com/deosjr/GRayT v0.0.0-20210110141815-3af9ee26d249 h1:UKXrgmWVPBANhVB4NxgHazUM6b2msLULJgrTuwWE6uI=
github.com/deosjr/GRayT v0.0.0-20210110141815-3af9ee26d249/go.mod h1:3oJ7vmTQ7/P+H2/IdEraD4T/PYT8VddnmHJf4mFOyN8=
github.com/deosjr/GenGeo v0.0.0-20200828192307-283ab39052e7 h1:LRBVN+CL8QFwr6Hy+cMhHtZlI8PNDvgwlelN7A+/0s8=
github.com/deosjr/GenGeo v0.0.0-20200828192307-283ab39052e7/go.mod h1:KqsBE2SbXss75VtHBrXyRVSWPnNkQcHDJ+lRqRGyUsc=
github.com/fogleman/poissondisc v0.0.0-20190923201222-9b82984c50c5 h1:tMj+OgNbdN8AYbdK3CQSnBUDsoDckkNoU45w26iPTP8=
github.com/fogleman/poissondisc v0.0.0-20190923201222-9b82984c50c5/go.mod h1:h1KpvovnFz2KYZqeagyCfHVwxLKri6UFqsg472bYvbY=
github.com/icza/mjpeg v0.0.0-20201020132628-7c1e1838a393 h1:x6a1h0jKsDMgUqyy0RO2dXOciHY+QWqcZ2Tvb5LStxA=
github.com/icza/mjpeg v0.0.0-20201020132628-7c1e1838a393/go.mod h1:Eja3x31oRrEOzl6ihhsxY23gXaTYWLP3Gwj5nMAJ7m0=
github.com/pzsz/voronoi v0.0.0-20130609164533-4314be88c79f h1:YeUeWAPTrycaikVXiVoAu1dxIR4+tSsn9IbTkNfRsss=
github.com/pzsz/voronoi v0.0.0-20130609164533-4314be88c79f/go.mod h1:T6EcHUIQ7r0Xr1jjOJ7hmpUaqVyqb9WimeNzS9nz4Zo=
